// !$*UTF8*$!
{
	archiveVersion = 1;
	classes = {
	};
	objectVersion = 46;
	objects = {

/* Begin PBXBuildFile section */
		561868391BBD345A00E9E111 /* NSString+Additions.m in Sources */ = {isa = PBXBuildFile; fileRef = 561868381BBD345A00E9E111 /* NSString+Additions.m */; settings = {ASSET_TAGS = (); }; };
		5618683B1BBE1A3800E9E111 /* Migrations.bundle in Resources */ = {isa = PBXBuildFile; fileRef = 5618683A1BBE1A3800E9E111 /* Migrations.bundle */; settings = {ASSET_TAGS = (); }; };
		5618683E1BBE1E0700E9E111 /* UserDBManager.m in Sources */ = {isa = PBXBuildFile; fileRef = 5618683D1BBE1E0700E9E111 /* UserDBManager.m */; settings = {ASSET_TAGS = (); }; };
		5644B4F61BB1692C008A96A8 /* PaginationEntity.m in Sources */ = {isa = PBXBuildFile; fileRef = 5644B4F51BB1692C008A96A8 /* PaginationEntity.m */; };
		565218101BB69F8200412E60 /* NotificationListViewController.m in Sources */ = {isa = PBXBuildFile; fileRef = 5652180F1BB69F8200412E60 /* NotificationListViewController.m */; };
		5652181E1BB6A9C200412E60 /* NotificationEntity.m in Sources */ = {isa = PBXBuildFile; fileRef = 5652181D1BB6A9C200412E60 /* NotificationEntity.m */; };
		565218441BBA7CC500412E60 /* BaseView.m in Sources */ = {isa = PBXBuildFile; fileRef = 565218371BBA7CC500412E60 /* BaseView.m */; };
		565218451BBA7CC500412E60 /* NotificationListCell.m in Sources */ = {isa = PBXBuildFile; fileRef = 5652183C1BBA7CC500412E60 /* NotificationListCell.m */; };
		565218461BBA7CC500412E60 /* NotificationListTableView.m in Sources */ = {isa = PBXBuildFile; fileRef = 5652183E1BBA7CC500412E60 /* NotificationListTableView.m */; };
		565218471BBA7CC500412E60 /* TopicListCell.m in Sources */ = {isa = PBXBuildFile; fileRef = 565218411BBA7CC500412E60 /* TopicListCell.m */; };
		565218481BBA7CC500412E60 /* TopicListTableView.m in Sources */ = {isa = PBXBuildFile; fileRef = 565218431BBA7CC500412E60 /* TopicListTableView.m */; };
		5652184B1BBA7D0500412E60 /* Me.storyboard in Resources */ = {isa = PBXBuildFile; fileRef = 5652184A1BBA7D0500412E60 /* Me.storyboard */; };
		5652184E1BBA7F0000412E60 /* Passport.storyboard in Resources */ = {isa = PBXBuildFile; fileRef = 5652184D1BBA7F0000412E60 /* Passport.storyboard */; };
		565218551BBB6D9500412E60 /* LoginViewController.m in Sources */ = {isa = PBXBuildFile; fileRef = 565218541BBB6D9500412E60 /* LoginViewController.m */; };
		5652185D1BBBB4F000412E60 /* AFOAuth2Manager+Addtions.m in Sources */ = {isa = PBXBuildFile; fileRef = 5652185C1BBBB4F000412E60 /* AFOAuth2Manager+Addtions.m */; };
		565218601BBBBDDE00412E60 /* UserApi.m in Sources */ = {isa = PBXBuildFile; fileRef = 5652185F1BBBBDDE00412E60 /* UserApi.m */; };
		565218631BBBBDED00412E60 /* UserModel.m in Sources */ = {isa = PBXBuildFile; fileRef = 565218621BBBBDED00412E60 /* UserModel.m */; };
		565218671BBBC41400412E60 /* GVUserDefaults+Properties.m in Sources */ = {isa = PBXBuildFile; fileRef = 565218661BBBC41400412E60 /* GVUserDefaults+Properties.m */; };
		5652186B1BBBCB4D00412E60 /* CurrentUser.m in Sources */ = {isa = PBXBuildFile; fileRef = 5652186A1BBBCB4D00412E60 /* CurrentUser.m */; };
		565CE81F1BB29ED0001680D2 /* NodeEntity.m in Sources */ = {isa = PBXBuildFile; fileRef = 565CE81E1BB29ED0001680D2 /* NodeEntity.m */; };
		56737C351BB2A1FE008B3E60 /* MeViewController.m in Sources */ = {isa = PBXBuildFile; fileRef = 56737C341BB2A1FE008B3E60 /* MeViewController.m */; };
		56D8F01E1BAF97C500242FA9 /* main.m in Sources */ = {isa = PBXBuildFile; fileRef = 56D8F01D1BAF97C500242FA9 /* main.m */; };
		56D8F0211BAF97C500242FA9 /* AppDelegate.m in Sources */ = {isa = PBXBuildFile; fileRef = 56D8F0201BAF97C500242FA9 /* AppDelegate.m */; };
		56D8F0291BAF97C500242FA9 /* Images.xcassets in Resources */ = {isa = PBXBuildFile; fileRef = 56D8F0281BAF97C500242FA9 /* Images.xcassets */; };
		56D8F02C1BAF97C500242FA9 /* LaunchScreen.xib in Resources */ = {isa = PBXBuildFile; fileRef = 56D8F02A1BAF97C500242FA9 /* LaunchScreen.xib */; };
		56D8F0381BAF97C500242FA9 /* PHPHubTests.m in Sources */ = {isa = PBXBuildFile; fileRef = 56D8F0371BAF97C500242FA9 /* PHPHubTests.m */; };
		56D8F0521BAF9F7200242FA9 /* BaseModel.m in Sources */ = {isa = PBXBuildFile; fileRef = 56D8F0511BAF9F7200242FA9 /* BaseModel.m */; };
		56D8F0551BAF9FF200242FA9 /* BaseApi.m in Sources */ = {isa = PBXBuildFile; fileRef = 56D8F0541BAF9FF200242FA9 /* BaseApi.m */; };
		56D8F05C1BAFA5E100242FA9 /* APIRequestHandler.m in Sources */ = {isa = PBXBuildFile; fileRef = 56D8F05B1BAFA5E100242FA9 /* APIRequestHandler.m */; };
		56D8F05F1BAFA66C00242FA9 /* AccessTokenHandler.m in Sources */ = {isa = PBXBuildFile; fileRef = 56D8F05E1BAFA66C00242FA9 /* AccessTokenHandler.m */; };
		56D8F0631BAFB0AE00242FA9 /* BaseEntity.m in Sources */ = {isa = PBXBuildFile; fileRef = 56D8F0621BAFB0AE00242FA9 /* BaseEntity.m */; };
		56D8F0661BAFDA5400242FA9 /* BaseDBManager.m in Sources */ = {isa = PBXBuildFile; fileRef = 56D8F0651BAFDA5400242FA9 /* BaseDBManager.m */; };
		56D8F0891BB0096800242FA9 /* EssentialListViewController.m in Sources */ = {isa = PBXBuildFile; fileRef = 56D8F0881BB0096800242FA9 /* EssentialListViewController.m */; };
		56D8F0901BB009C500242FA9 /* BaseTabBarViewController.m in Sources */ = {isa = PBXBuildFile; fileRef = 56D8F08F1BB009C500242FA9 /* BaseTabBarViewController.m */; };
		56D8F0961BB0E43400242FA9 /* UIView+Additions.m in Sources */ = {isa = PBXBuildFile; fileRef = 56D8F0951BB0E43400242FA9 /* UIView+Additions.m */; };
		56D8F09A1BB0E6F400242FA9 /* BaseHelper.m in Sources */ = {isa = PBXBuildFile; fileRef = 56D8F0991BB0E6F400242FA9 /* BaseHelper.m */; };
		56D8F09E1BB0ED0800242FA9 /* TopicEntity.m in Sources */ = {isa = PBXBuildFile; fileRef = 56D8F09D1BB0ED0800242FA9 /* TopicEntity.m */; };
		56D8F0A21BB0ED5E00242FA9 /* TopicApi.m in Sources */ = {isa = PBXBuildFile; fileRef = 56D8F0A11BB0ED5E00242FA9 /* TopicApi.m */; };
		56D8F0A51BB0EDAF00242FA9 /* TopicModel.m in Sources */ = {isa = PBXBuildFile; fileRef = 56D8F0A41BB0EDAF00242FA9 /* TopicModel.m */; };
		56D8F0A81BB0F54300242FA9 /* UserEntity.m in Sources */ = {isa = PBXBuildFile; fileRef = 56D8F0A71BB0F54300242FA9 /* UserEntity.m */; };
		56D8F0AC1BB1359100242FA9 /* WiKiListViewController.m in Sources */ = {isa = PBXBuildFile; fileRef = 56D8F0AB1BB1359100242FA9 /* WiKiListViewController.m */; };
		56D8F0B01BB137FB00242FA9 /* TopicListContainerViewController.m in Sources */ = {isa = PBXBuildFile; fileRef = 56D8F0AF1BB137FB00242FA9 /* TopicListContainerViewController.m */; };
		56D8F0B31BB1380F00242FA9 /* TopicListViewController.m in Sources */ = {isa = PBXBuildFile; fileRef = 56D8F0B21BB1380F00242FA9 /* TopicListViewController.m */; };
		56D8F0B81BB13A7200242FA9 /* ViewPagerController.m in Sources */ = {isa = PBXBuildFile; fileRef = 56D8F0B71BB13A7200242FA9 /* ViewPagerController.m */; };
		56D8F0BC1BB1432F00242FA9 /* TitlePagerView.m in Sources */ = {isa = PBXBuildFile; fileRef = 56D8F0BB1BB1432F00242FA9 /* TitlePagerView.m */; };
		A224F83563419A8CA5AF1D13 /* libPods.a in Frameworks */ = {isa = PBXBuildFile; fileRef = 5A752BE6144529BFF7075D5A /* libPods.a */; };
		C19433421BB340A200D51917 /* UIResponder+Router.m in Sources */ = {isa = PBXBuildFile; fileRef = C19433411BB340A200D51917 /* UIResponder+Router.m */; };
/* End PBXBuildFile section */

/* Begin PBXContainerItemProxy section */
		56D8F0321BAF97C500242FA9 /* PBXContainerItemProxy */ = {
			isa = PBXContainerItemProxy;
			containerPortal = 56D8F0101BAF97C500242FA9 /* Project object */;
			proxyType = 1;
			remoteGlobalIDString = 56D8F0171BAF97C500242FA9;
			remoteInfo = PHPHub;
		};
/* End PBXContainerItemProxy section */

/* Begin PBXFileReference section */
		289757EEDBB7E93A1BC45C31 /* Pods.debug.xcconfig */ = {isa = PBXFileReference; includeInIndex = 1; lastKnownFileType = text.xcconfig; name = Pods.debug.xcconfig; path = "Pods/Target Support Files/Pods/Pods.debug.xcconfig"; sourceTree = "<group>"; };
		379B16D3AE766B12953E1E13 /* Pods.release.xcconfig */ = {isa = PBXFileReference; includeInIndex = 1; lastKnownFileType = text.xcconfig; name = Pods.release.xcconfig; path = "Pods/Target Support Files/Pods/Pods.release.xcconfig"; sourceTree = "<group>"; };
		561868371BBD345A00E9E111 /* NSString+Additions.h */ = {isa = PBXFileReference; fileEncoding = 4; lastKnownFileType = sourcecode.c.h; path = "NSString+Additions.h"; sourceTree = "<group>"; };
		561868381BBD345A00E9E111 /* NSString+Additions.m */ = {isa = PBXFileReference; fileEncoding = 4; lastKnownFileType = sourcecode.c.objc; path = "NSString+Additions.m"; sourceTree = "<group>"; };
		5618683A1BBE1A3800E9E111 /* Migrations.bundle */ = {isa = PBXFileReference; lastKnownFileType = "wrapper.plug-in"; path = Migrations.bundle; sourceTree = "<group>"; };
		5618683C1BBE1E0700E9E111 /* UserDBManager.h */ = {isa = PBXFileReference; fileEncoding = 4; lastKnownFileType = sourcecode.c.h; path = UserDBManager.h; sourceTree = "<group>"; };
		5618683D1BBE1E0700E9E111 /* UserDBManager.m */ = {isa = PBXFileReference; fileEncoding = 4; lastKnownFileType = sourcecode.c.objc; path = UserDBManager.m; sourceTree = "<group>"; };
		5644B4F41BB1692C008A96A8 /* PaginationEntity.h */ = {isa = PBXFileReference; fileEncoding = 4; lastKnownFileType = sourcecode.c.h; path = PaginationEntity.h; sourceTree = "<group>"; };
		5644B4F51BB1692C008A96A8 /* PaginationEntity.m */ = {isa = PBXFileReference; fileEncoding = 4; lastKnownFileType = sourcecode.c.objc; path = PaginationEntity.m; sourceTree = "<group>"; };
		5652180E1BB69F8200412E60 /* NotificationListViewController.h */ = {isa = PBXFileReference; fileEncoding = 4; lastKnownFileType = sourcecode.c.h; path = NotificationListViewController.h; sourceTree = "<group>"; };
		5652180F1BB69F8200412E60 /* NotificationListViewController.m */ = {isa = PBXFileReference; fileEncoding = 4; lastKnownFileType = sourcecode.c.objc; path = NotificationListViewController.m; sourceTree = "<group>"; };
		5652181C1BB6A9C200412E60 /* NotificationEntity.h */ = {isa = PBXFileReference; fileEncoding = 4; lastKnownFileType = sourcecode.c.h; path = NotificationEntity.h; sourceTree = "<group>"; };
		5652181D1BB6A9C200412E60 /* NotificationEntity.m */ = {isa = PBXFileReference; fileEncoding = 4; lastKnownFileType = sourcecode.c.objc; path = NotificationEntity.m; sourceTree = "<group>"; };
		565218361BBA7CC500412E60 /* BaseView.h */ = {isa = PBXFileReference; fileEncoding = 4; lastKnownFileType = sourcecode.c.h; path = BaseView.h; sourceTree = "<group>"; };
		565218371BBA7CC500412E60 /* BaseView.m */ = {isa = PBXFileReference; fileEncoding = 4; lastKnownFileType = sourcecode.c.objc; path = BaseView.m; sourceTree = "<group>"; };
		5652183B1BBA7CC500412E60 /* NotificationListCell.h */ = {isa = PBXFileReference; fileEncoding = 4; lastKnownFileType = sourcecode.c.h; path = NotificationListCell.h; sourceTree = "<group>"; };
		5652183C1BBA7CC500412E60 /* NotificationListCell.m */ = {isa = PBXFileReference; fileEncoding = 4; lastKnownFileType = sourcecode.c.objc; path = NotificationListCell.m; sourceTree = "<group>"; };
		5652183D1BBA7CC500412E60 /* NotificationListTableView.h */ = {isa = PBXFileReference; fileEncoding = 4; lastKnownFileType = sourcecode.c.h; path = NotificationListTableView.h; sourceTree = "<group>"; };
		5652183E1BBA7CC500412E60 /* NotificationListTableView.m */ = {isa = PBXFileReference; fileEncoding = 4; lastKnownFileType = sourcecode.c.objc; path = NotificationListTableView.m; sourceTree = "<group>"; };
		565218401BBA7CC500412E60 /* TopicListCell.h */ = {isa = PBXFileReference; fileEncoding = 4; lastKnownFileType = sourcecode.c.h; path = TopicListCell.h; sourceTree = "<group>"; };
		565218411BBA7CC500412E60 /* TopicListCell.m */ = {isa = PBXFileReference; fileEncoding = 4; lastKnownFileType = sourcecode.c.objc; path = TopicListCell.m; sourceTree = "<group>"; };
		565218421BBA7CC500412E60 /* TopicListTableView.h */ = {isa = PBXFileReference; fileEncoding = 4; lastKnownFileType = sourcecode.c.h; path = TopicListTableView.h; sourceTree = "<group>"; };
		565218431BBA7CC500412E60 /* TopicListTableView.m */ = {isa = PBXFileReference; fileEncoding = 4; lastKnownFileType = sourcecode.c.objc; path = TopicListTableView.m; sourceTree = "<group>"; };
		5652184A1BBA7D0500412E60 /* Me.storyboard */ = {isa = PBXFileReference; fileEncoding = 4; lastKnownFileType = file.storyboard; path = Me.storyboard; sourceTree = "<group>"; };
		5652184D1BBA7F0000412E60 /* Passport.storyboard */ = {isa = PBXFileReference; fileEncoding = 4; lastKnownFileType = file.storyboard; path = Passport.storyboard; sourceTree = "<group>"; };
		565218531BBB6D9500412E60 /* LoginViewController.h */ = {isa = PBXFileReference; fileEncoding = 4; lastKnownFileType = sourcecode.c.h; path = LoginViewController.h; sourceTree = "<group>"; };
		565218541BBB6D9500412E60 /* LoginViewController.m */ = {isa = PBXFileReference; fileEncoding = 4; lastKnownFileType = sourcecode.c.objc; path = LoginViewController.m; sourceTree = "<group>"; };
		565218571BBB7BB000412E60 /* APIConstant.h */ = {isa = PBXFileReference; lastKnownFileType = sourcecode.c.h; path = APIConstant.h; sourceTree = "<group>"; };
		565218581BBB7FDF00412E60 /* SecretConstant.h */ = {isa = PBXFileReference; lastKnownFileType = sourcecode.c.h; path = SecretConstant.h; sourceTree = "<group>"; };
		565218591BBB7FF100412E60 /* SecretConstant.example.h */ = {isa = PBXFileReference; lastKnownFileType = sourcecode.c.h; path = SecretConstant.example.h; sourceTree = "<group>"; };
		5652185B1BBBB4F000412E60 /* AFOAuth2Manager+Addtions.h */ = {isa = PBXFileReference; fileEncoding = 4; lastKnownFileType = sourcecode.c.h; path = "AFOAuth2Manager+Addtions.h"; sourceTree = "<group>"; };
		5652185C1BBBB4F000412E60 /* AFOAuth2Manager+Addtions.m */ = {isa = PBXFileReference; fileEncoding = 4; lastKnownFileType = sourcecode.c.objc; path = "AFOAuth2Manager+Addtions.m"; sourceTree = "<group>"; };
		5652185E1BBBBDDE00412E60 /* UserApi.h */ = {isa = PBXFileReference; fileEncoding = 4; lastKnownFileType = sourcecode.c.h; path = UserApi.h; sourceTree = "<group>"; };
		5652185F1BBBBDDE00412E60 /* UserApi.m */ = {isa = PBXFileReference; fileEncoding = 4; lastKnownFileType = sourcecode.c.objc; path = UserApi.m; sourceTree = "<group>"; };
		565218611BBBBDED00412E60 /* UserModel.h */ = {isa = PBXFileReference; fileEncoding = 4; lastKnownFileType = sourcecode.c.h; path = UserModel.h; sourceTree = "<group>"; };
		565218621BBBBDED00412E60 /* UserModel.m */ = {isa = PBXFileReference; fileEncoding = 4; lastKnownFileType = sourcecode.c.objc; path = UserModel.m; sourceTree = "<group>"; };
		565218651BBBC41400412E60 /* GVUserDefaults+Properties.h */ = {isa = PBXFileReference; fileEncoding = 4; lastKnownFileType = sourcecode.c.h; path = "GVUserDefaults+Properties.h"; sourceTree = "<group>"; };
		565218661BBBC41400412E60 /* GVUserDefaults+Properties.m */ = {isa = PBXFileReference; fileEncoding = 4; lastKnownFileType = sourcecode.c.objc; path = "GVUserDefaults+Properties.m"; sourceTree = "<group>"; };
		565218691BBBCB4D00412E60 /* CurrentUser.h */ = {isa = PBXFileReference; fileEncoding = 4; lastKnownFileType = sourcecode.c.h; path = CurrentUser.h; sourceTree = "<group>"; };
		5652186A1BBBCB4D00412E60 /* CurrentUser.m */ = {isa = PBXFileReference; fileEncoding = 4; lastKnownFileType = sourcecode.c.objc; path = CurrentUser.m; sourceTree = "<group>"; };
		565CE81D1BB29ED0001680D2 /* NodeEntity.h */ = {isa = PBXFileReference; fileEncoding = 4; lastKnownFileType = sourcecode.c.h; path = NodeEntity.h; sourceTree = "<group>"; };
		565CE81E1BB29ED0001680D2 /* NodeEntity.m */ = {isa = PBXFileReference; fileEncoding = 4; lastKnownFileType = sourcecode.c.objc; path = NodeEntity.m; sourceTree = "<group>"; };
		56737C331BB2A1FE008B3E60 /* MeViewController.h */ = {isa = PBXFileReference; fileEncoding = 4; lastKnownFileType = sourcecode.c.h; path = MeViewController.h; sourceTree = "<group>"; };
		56737C341BB2A1FE008B3E60 /* MeViewController.m */ = {isa = PBXFileReference; fileEncoding = 4; lastKnownFileType = sourcecode.c.objc; path = MeViewController.m; sourceTree = "<group>"; };
		56D8F0181BAF97C500242FA9 /* PHPHub.app */ = {isa = PBXFileReference; explicitFileType = wrapper.application; includeInIndex = 0; path = PHPHub.app; sourceTree = BUILT_PRODUCTS_DIR; };
		56D8F01C1BAF97C500242FA9 /* Info.plist */ = {isa = PBXFileReference; lastKnownFileType = text.plist.xml; path = Info.plist; sourceTree = "<group>"; };
		56D8F01D1BAF97C500242FA9 /* main.m */ = {isa = PBXFileReference; lastKnownFileType = sourcecode.c.objc; path = main.m; sourceTree = "<group>"; };
		56D8F01F1BAF97C500242FA9 /* AppDelegate.h */ = {isa = PBXFileReference; lastKnownFileType = sourcecode.c.h; path = AppDelegate.h; sourceTree = "<group>"; };
		56D8F0201BAF97C500242FA9 /* AppDelegate.m */ = {isa = PBXFileReference; lastKnownFileType = sourcecode.c.objc; path = AppDelegate.m; sourceTree = "<group>"; };
		56D8F0281BAF97C500242FA9 /* Images.xcassets */ = {isa = PBXFileReference; lastKnownFileType = folder.assetcatalog; name = Images.xcassets; path = ../Images.xcassets; sourceTree = "<group>"; };
		56D8F02B1BAF97C500242FA9 /* Base */ = {isa = PBXFileReference; lastKnownFileType = file.xib; name = Base; path = Base.lproj/LaunchScreen.xib; sourceTree = "<group>"; };
		56D8F0311BAF97C500242FA9 /* PHPHubTests.xctest */ = {isa = PBXFileReference; explicitFileType = wrapper.cfbundle; includeInIndex = 0; path = PHPHubTests.xctest; sourceTree = BUILT_PRODUCTS_DIR; };
		56D8F0361BAF97C500242FA9 /* Info.plist */ = {isa = PBXFileReference; lastKnownFileType = text.plist.xml; path = Info.plist; sourceTree = "<group>"; };
		56D8F0371BAF97C500242FA9 /* PHPHubTests.m */ = {isa = PBXFileReference; lastKnownFileType = sourcecode.c.objc; path = PHPHubTests.m; sourceTree = "<group>"; };
		56D8F0501BAF9F7200242FA9 /* BaseModel.h */ = {isa = PBXFileReference; fileEncoding = 4; lastKnownFileType = sourcecode.c.h; path = BaseModel.h; sourceTree = "<group>"; };
		56D8F0511BAF9F7200242FA9 /* BaseModel.m */ = {isa = PBXFileReference; fileEncoding = 4; lastKnownFileType = sourcecode.c.objc; path = BaseModel.m; sourceTree = "<group>"; };
		56D8F0531BAF9FF200242FA9 /* BaseApi.h */ = {isa = PBXFileReference; fileEncoding = 4; lastKnownFileType = sourcecode.c.h; path = BaseApi.h; sourceTree = "<group>"; };
		56D8F0541BAF9FF200242FA9 /* BaseApi.m */ = {isa = PBXFileReference; fileEncoding = 4; lastKnownFileType = sourcecode.c.objc; path = BaseApi.m; sourceTree = "<group>"; };
		56D8F0591BAFA4C400242FA9 /* PHPHub-Prefix.pch */ = {isa = PBXFileReference; lastKnownFileType = sourcecode.c.h; path = "PHPHub-Prefix.pch"; sourceTree = "<group>"; };
		56D8F05A1BAFA5E100242FA9 /* APIRequestHandler.h */ = {isa = PBXFileReference; fileEncoding = 4; lastKnownFileType = sourcecode.c.h; path = APIRequestHandler.h; sourceTree = "<group>"; };
		56D8F05B1BAFA5E100242FA9 /* APIRequestHandler.m */ = {isa = PBXFileReference; fileEncoding = 4; lastKnownFileType = sourcecode.c.objc; path = APIRequestHandler.m; sourceTree = "<group>"; };
		56D8F05D1BAFA66C00242FA9 /* AccessTokenHandler.h */ = {isa = PBXFileReference; fileEncoding = 4; lastKnownFileType = sourcecode.c.h; path = AccessTokenHandler.h; sourceTree = "<group>"; };
		56D8F05E1BAFA66C00242FA9 /* AccessTokenHandler.m */ = {isa = PBXFileReference; fileEncoding = 4; lastKnownFileType = sourcecode.c.objc; path = AccessTokenHandler.m; sourceTree = "<group>"; };
		56D8F0601BAFA7E300242FA9 /* DebugConstant.h */ = {isa = PBXFileReference; lastKnownFileType = sourcecode.c.h; path = DebugConstant.h; sourceTree = "<group>"; };
		56D8F0611BAFB0AE00242FA9 /* BaseEntity.h */ = {isa = PBXFileReference; fileEncoding = 4; lastKnownFileType = sourcecode.c.h; path = BaseEntity.h; sourceTree = "<group>"; };
		56D8F0621BAFB0AE00242FA9 /* BaseEntity.m */ = {isa = PBXFileReference; fileEncoding = 4; lastKnownFileType = sourcecode.c.objc; path = BaseEntity.m; sourceTree = "<group>"; };
		56D8F0641BAFDA5400242FA9 /* BaseDBManager.h */ = {isa = PBXFileReference; fileEncoding = 4; lastKnownFileType = sourcecode.c.h; path = BaseDBManager.h; sourceTree = "<group>"; };
		56D8F0651BAFDA5400242FA9 /* BaseDBManager.m */ = {isa = PBXFileReference; fileEncoding = 4; lastKnownFileType = sourcecode.c.objc; path = BaseDBManager.m; sourceTree = "<group>"; };
		56D8F07A1BAFF9E900242FA9 /* UIConstant.h */ = {isa = PBXFileReference; lastKnownFileType = sourcecode.c.h; path = UIConstant.h; sourceTree = "<group>"; };
		56D8F0871BB0096800242FA9 /* EssentialListViewController.h */ = {isa = PBXFileReference; fileEncoding = 4; lastKnownFileType = sourcecode.c.h; path = EssentialListViewController.h; sourceTree = "<group>"; };
		56D8F0881BB0096800242FA9 /* EssentialListViewController.m */ = {isa = PBXFileReference; fileEncoding = 4; lastKnownFileType = sourcecode.c.objc; path = EssentialListViewController.m; sourceTree = "<group>"; };
		56D8F08E1BB009C500242FA9 /* BaseTabBarViewController.h */ = {isa = PBXFileReference; fileEncoding = 4; lastKnownFileType = sourcecode.c.h; path = BaseTabBarViewController.h; sourceTree = "<group>"; };
		56D8F08F1BB009C500242FA9 /* BaseTabBarViewController.m */ = {isa = PBXFileReference; fileEncoding = 4; lastKnownFileType = sourcecode.c.objc; path = BaseTabBarViewController.m; sourceTree = "<group>"; };
		56D8F0941BB0E43400242FA9 /* UIView+Additions.h */ = {isa = PBXFileReference; fileEncoding = 4; lastKnownFileType = sourcecode.c.h; path = "UIView+Additions.h"; sourceTree = "<group>"; };
		56D8F0951BB0E43400242FA9 /* UIView+Additions.m */ = {isa = PBXFileReference; fileEncoding = 4; lastKnownFileType = sourcecode.c.objc; path = "UIView+Additions.m"; sourceTree = "<group>"; };
		56D8F0981BB0E6F400242FA9 /* BaseHelper.h */ = {isa = PBXFileReference; fileEncoding = 4; lastKnownFileType = sourcecode.c.h; path = BaseHelper.h; sourceTree = "<group>"; };
		56D8F0991BB0E6F400242FA9 /* BaseHelper.m */ = {isa = PBXFileReference; fileEncoding = 4; lastKnownFileType = sourcecode.c.objc; path = BaseHelper.m; sourceTree = "<group>"; };
		56D8F09C1BB0ED0800242FA9 /* TopicEntity.h */ = {isa = PBXFileReference; fileEncoding = 4; lastKnownFileType = sourcecode.c.h; path = TopicEntity.h; sourceTree = "<group>"; };
		56D8F09D1BB0ED0800242FA9 /* TopicEntity.m */ = {isa = PBXFileReference; fileEncoding = 4; lastKnownFileType = sourcecode.c.objc; path = TopicEntity.m; sourceTree = "<group>"; };
		56D8F0A01BB0ED5E00242FA9 /* TopicApi.h */ = {isa = PBXFileReference; fileEncoding = 4; lastKnownFileType = sourcecode.c.h; path = TopicApi.h; sourceTree = "<group>"; };
		56D8F0A11BB0ED5E00242FA9 /* TopicApi.m */ = {isa = PBXFileReference; fileEncoding = 4; lastKnownFileType = sourcecode.c.objc; path = TopicApi.m; sourceTree = "<group>"; };
		56D8F0A31BB0EDAF00242FA9 /* TopicModel.h */ = {isa = PBXFileReference; fileEncoding = 4; lastKnownFileType = sourcecode.c.h; path = TopicModel.h; sourceTree = "<group>"; };
		56D8F0A41BB0EDAF00242FA9 /* TopicModel.m */ = {isa = PBXFileReference; fileEncoding = 4; lastKnownFileType = sourcecode.c.objc; path = TopicModel.m; sourceTree = "<group>"; };
		56D8F0A61BB0F54300242FA9 /* UserEntity.h */ = {isa = PBXFileReference; fileEncoding = 4; lastKnownFileType = sourcecode.c.h; path = UserEntity.h; sourceTree = "<group>"; };
		56D8F0A71BB0F54300242FA9 /* UserEntity.m */ = {isa = PBXFileReference; fileEncoding = 4; lastKnownFileType = sourcecode.c.objc; path = UserEntity.m; sourceTree = "<group>"; };
		56D8F0AA1BB1359100242FA9 /* WiKiListViewController.h */ = {isa = PBXFileReference; fileEncoding = 4; lastKnownFileType = sourcecode.c.h; path = WiKiListViewController.h; sourceTree = "<group>"; };
		56D8F0AB1BB1359100242FA9 /* WiKiListViewController.m */ = {isa = PBXFileReference; fileEncoding = 4; lastKnownFileType = sourcecode.c.objc; path = WiKiListViewController.m; sourceTree = "<group>"; };
		56D8F0AE1BB137FB00242FA9 /* TopicListContainerViewController.h */ = {isa = PBXFileReference; fileEncoding = 4; lastKnownFileType = sourcecode.c.h; path = TopicListContainerViewController.h; sourceTree = "<group>"; };
		56D8F0AF1BB137FB00242FA9 /* TopicListContainerViewController.m */ = {isa = PBXFileReference; fileEncoding = 4; lastKnownFileType = sourcecode.c.objc; path = TopicListContainerViewController.m; sourceTree = "<group>"; };
		56D8F0B11BB1380F00242FA9 /* TopicListViewController.h */ = {isa = PBXFileReference; fileEncoding = 4; lastKnownFileType = sourcecode.c.h; path = TopicListViewController.h; sourceTree = "<group>"; };
		56D8F0B21BB1380F00242FA9 /* TopicListViewController.m */ = {isa = PBXFileReference; fileEncoding = 4; lastKnownFileType = sourcecode.c.objc; path = TopicListViewController.m; sourceTree = "<group>"; };
		56D8F0B61BB13A7200242FA9 /* ViewPagerController.h */ = {isa = PBXFileReference; fileEncoding = 4; lastKnownFileType = sourcecode.c.h; path = ViewPagerController.h; sourceTree = "<group>"; };
		56D8F0B71BB13A7200242FA9 /* ViewPagerController.m */ = {isa = PBXFileReference; fileEncoding = 4; lastKnownFileType = sourcecode.c.objc; path = ViewPagerController.m; sourceTree = "<group>"; };
		56D8F0BA1BB1432F00242FA9 /* TitlePagerView.h */ = {isa = PBXFileReference; fileEncoding = 4; lastKnownFileType = sourcecode.c.h; path = TitlePagerView.h; sourceTree = "<group>"; };
		56D8F0BB1BB1432F00242FA9 /* TitlePagerView.m */ = {isa = PBXFileReference; fileEncoding = 4; lastKnownFileType = sourcecode.c.objc; path = TitlePagerView.m; sourceTree = "<group>"; };
		5A752BE6144529BFF7075D5A /* libPods.a */ = {isa = PBXFileReference; explicitFileType = archive.ar; includeInIndex = 0; path = libPods.a; sourceTree = BUILT_PRODUCTS_DIR; };
		C19433401BB340A200D51917 /* UIResponder+Router.h */ = {isa = PBXFileReference; fileEncoding = 4; lastKnownFileType = sourcecode.c.h; path = "UIResponder+Router.h"; sourceTree = "<group>"; };
		C19433411BB340A200D51917 /* UIResponder+Router.m */ = {isa = PBXFileReference; fileEncoding = 4; lastKnownFileType = sourcecode.c.objc; path = "UIResponder+Router.m"; sourceTree = "<group>"; };
/* End PBXFileReference section */

/* Begin PBXFrameworksBuildPhase section */
		56D8F0151BAF97C500242FA9 /* Frameworks */ = {
			isa = PBXFrameworksBuildPhase;
			buildActionMask = 2147483647;
			files = (
				A224F83563419A8CA5AF1D13 /* libPods.a in Frameworks */,
			);
			runOnlyForDeploymentPostprocessing = 0;
		};
		56D8F02E1BAF97C500242FA9 /* Frameworks */ = {
			isa = PBXFrameworksBuildPhase;
			buildActionMask = 2147483647;
			files = (
			);
			runOnlyForDeploymentPostprocessing = 0;
		};
/* End PBXFrameworksBuildPhase section */

/* Begin PBXGroup section */
		46A79BE4D8CD8EE6782FCE6C /* Frameworks */ = {
			isa = PBXGroup;
			children = (
				5A752BE6144529BFF7075D5A /* libPods.a */,
			);
			name = Frameworks;
			sourceTree = "<group>";
		};
		48AB7B79B85CBC8E3BC49600 /* Pods */ = {
			isa = PBXGroup;
			children = (
				289757EEDBB7E93A1BC45C31 /* Pods.debug.xcconfig */,
				379B16D3AE766B12953E1E13 /* Pods.release.xcconfig */,
			);
			name = Pods;
			sourceTree = "<group>";
		};
		561868361BBD345A00E9E111 /* NSString */ = {
			isa = PBXGroup;
			children = (
				561868371BBD345A00E9E111 /* NSString+Additions.h */,
				561868381BBD345A00E9E111 /* NSString+Additions.m */,
			);
			path = NSString;
			sourceTree = "<group>";
		};
		5652180D1BB69F5B00412E60 /* Notification */ = {
			isa = PBXGroup;
			children = (
				5652180E1BB69F8200412E60 /* NotificationListViewController.h */,
				5652180F1BB69F8200412E60 /* NotificationListViewController.m */,
			);
			path = Notification;
			sourceTree = "<group>";
		};
		565218341BBA7CC500412E60 /* Views */ = {
			isa = PBXGroup;
			children = (
				5652184C1BBA7EDD00412E60 /* Passport */,
				565218491BBA7CDD00412E60 /* Me */,
				565218351BBA7CC500412E60 /* Base */,
				565218381BBA7CC500412E60 /* Essential */,
				565218391BBA7CC500412E60 /* Launch */,
				5652183A1BBA7CC500412E60 /* Notification */,
				5652183F1BBA7CC500412E60 /* Topic */,
			);
			path = Views;
			sourceTree = "<group>";
		};
		565218351BBA7CC500412E60 /* Base */ = {
			isa = PBXGroup;
			children = (
				565218361BBA7CC500412E60 /* BaseView.h */,
				565218371BBA7CC500412E60 /* BaseView.m */,
			);
			path = Base;
			sourceTree = "<group>";
		};
		565218381BBA7CC500412E60 /* Essential */ = {
			isa = PBXGroup;
			children = (
			);
			path = Essential;
			sourceTree = "<group>";
		};
		565218391BBA7CC500412E60 /* Launch */ = {
			isa = PBXGroup;
			children = (
				56D8F02A1BAF97C500242FA9 /* LaunchScreen.xib */,
			);
			path = Launch;
			sourceTree = "<group>";
		};
		5652183A1BBA7CC500412E60 /* Notification */ = {
			isa = PBXGroup;
			children = (
				5652183B1BBA7CC500412E60 /* NotificationListCell.h */,
				5652183C1BBA7CC500412E60 /* NotificationListCell.m */,
				5652183D1BBA7CC500412E60 /* NotificationListTableView.h */,
				5652183E1BBA7CC500412E60 /* NotificationListTableView.m */,
			);
			path = Notification;
			sourceTree = "<group>";
		};
		5652183F1BBA7CC500412E60 /* Topic */ = {
			isa = PBXGroup;
			children = (
				565218401BBA7CC500412E60 /* TopicListCell.h */,
				565218411BBA7CC500412E60 /* TopicListCell.m */,
				565218421BBA7CC500412E60 /* TopicListTableView.h */,
				565218431BBA7CC500412E60 /* TopicListTableView.m */,
			);
			path = Topic;
			sourceTree = "<group>";
		};
		565218491BBA7CDD00412E60 /* Me */ = {
			isa = PBXGroup;
			children = (
				5652184A1BBA7D0500412E60 /* Me.storyboard */,
			);
			path = Me;
			sourceTree = "<group>";
		};
		5652184C1BBA7EDD00412E60 /* Passport */ = {
			isa = PBXGroup;
			children = (
				5652184D1BBA7F0000412E60 /* Passport.storyboard */,
			);
			path = Passport;
			sourceTree = "<group>";
		};
		5652184F1BBA838D00412E60 /* Passport */ = {
			isa = PBXGroup;
			children = (
				565218531BBB6D9500412E60 /* LoginViewController.h */,
				565218541BBB6D9500412E60 /* LoginViewController.m */,
			);
			path = Passport;
			sourceTree = "<group>";
		};
		5652185A1BBB8F3300412E60 /* AFOAuth2Manager */ = {
			isa = PBXGroup;
			children = (
				5652185B1BBBB4F000412E60 /* AFOAuth2Manager+Addtions.h */,
				5652185C1BBBB4F000412E60 /* AFOAuth2Manager+Addtions.m */,
			);
			path = AFOAuth2Manager;
			sourceTree = "<group>";
		};
		565218641BBBC3FF00412E60 /* GVUserDefaults */ = {
			isa = PBXGroup;
			children = (
				565218651BBBC41400412E60 /* GVUserDefaults+Properties.h */,
				565218661BBBC41400412E60 /* GVUserDefaults+Properties.m */,
			);
			path = GVUserDefaults;
			sourceTree = "<group>";
		};
		56737C321BB2A1B5008B3E60 /* Me */ = {
			isa = PBXGroup;
			children = (
				56737C331BB2A1FE008B3E60 /* MeViewController.h */,
				56737C341BB2A1FE008B3E60 /* MeViewController.m */,
			);
			path = Me;
			sourceTree = "<group>";
		};
		56D8F00F1BAF97C500242FA9 = {
			isa = PBXGroup;
			children = (
				56D8F01A1BAF97C500242FA9 /* PHPHub */,
				56D8F0341BAF97C500242FA9 /* PHPHubTests */,
				56D8F0191BAF97C500242FA9 /* Products */,
				48AB7B79B85CBC8E3BC49600 /* Pods */,
				46A79BE4D8CD8EE6782FCE6C /* Frameworks */,
			);
			sourceTree = "<group>";
		};
		56D8F0191BAF97C500242FA9 /* Products */ = {
			isa = PBXGroup;
			children = (
				56D8F0181BAF97C500242FA9 /* PHPHub.app */,
				56D8F0311BAF97C500242FA9 /* PHPHubTests.xctest */,
			);
			name = Products;
			sourceTree = "<group>";
		};
		56D8F01A1BAF97C500242FA9 /* PHPHub */ = {
			isa = PBXGroup;
			children = (
				56D8F04F1BAF9F3500242FA9 /* BaseClasses */,
				56D8F04D1BAF9DF800242FA9 /* Constants */,
				56D8F04B1BAF9D7D00242FA9 /* Utils */,
				56D8F04A1BAF9D7600242FA9 /* ThirdParty */,
				56D8F0471BAF9D6300242FA9 /* Handlers */,
				56D8F0481BAF9D6900242FA9 /* Models */,
				565218341BBA7CC500412E60 /* Views */,
				56D8F0461BAF9D5E00242FA9 /* Controllers */,
				56D8F09F1BB0ED4E00242FA9 /* Apis */,
				56D8F0451BAF9D5800242FA9 /* Classes */,
				56D8F0491BAF9D7000242FA9 /* Resources */,
				56D8F01B1BAF97C500242FA9 /* Supporting Files */,
			);
			path = PHPHub;
			sourceTree = "<group>";
		};
		56D8F01B1BAF97C500242FA9 /* Supporting Files */ = {
			isa = PBXGroup;
			children = (
				56D8F0591BAFA4C400242FA9 /* PHPHub-Prefix.pch */,
				56D8F01F1BAF97C500242FA9 /* AppDelegate.h */,
				56D8F0201BAF97C500242FA9 /* AppDelegate.m */,
				56D8F01C1BAF97C500242FA9 /* Info.plist */,
				56D8F01D1BAF97C500242FA9 /* main.m */,
			);
			name = "Supporting Files";
			sourceTree = "<group>";
		};
		56D8F0341BAF97C500242FA9 /* PHPHubTests */ = {
			isa = PBXGroup;
			children = (
				56D8F0371BAF97C500242FA9 /* PHPHubTests.m */,
				56D8F0351BAF97C500242FA9 /* Supporting Files */,
			);
			path = PHPHubTests;
			sourceTree = "<group>";
		};
		56D8F0351BAF97C500242FA9 /* Supporting Files */ = {
			isa = PBXGroup;
			children = (
				56D8F0361BAF97C500242FA9 /* Info.plist */,
			);
			name = "Supporting Files";
			sourceTree = "<group>";
		};
		56D8F0451BAF9D5800242FA9 /* Classes */ = {
			isa = PBXGroup;
			children = (
			);
			path = Classes;
			sourceTree = "<group>";
		};
		56D8F0461BAF9D5E00242FA9 /* Controllers */ = {
			isa = PBXGroup;
			children = (
				5652184F1BBA838D00412E60 /* Passport */,
				5652180D1BB69F5B00412E60 /* Notification */,
				56737C321BB2A1B5008B3E60 /* Me */,
				56D8F08D1BB009C500242FA9 /* TabBar */,
				56D8F0861BB0096800242FA9 /* Essential */,
				56D8F0AD1BB1377800242FA9 /* Forum */,
				56D8F0A91BB1356800242FA9 /* WiKi */,
			);
			path = Controllers;
			sourceTree = "<group>";
		};
		56D8F0471BAF9D6300242FA9 /* Handlers */ = {
			isa = PBXGroup;
			children = (
				56D8F05A1BAFA5E100242FA9 /* APIRequestHandler.h */,
				56D8F05B1BAFA5E100242FA9 /* APIRequestHandler.m */,
				56D8F05D1BAFA66C00242FA9 /* AccessTokenHandler.h */,
				56D8F05E1BAFA66C00242FA9 /* AccessTokenHandler.m */,
			);
			path = Handlers;
			sourceTree = "<group>";
		};
		56D8F0481BAF9D6900242FA9 /* Models */ = {
			isa = PBXGroup;
			children = (
				56D8F0A31BB0EDAF00242FA9 /* TopicModel.h */,
				56D8F0A41BB0EDAF00242FA9 /* TopicModel.m */,
				565218611BBBBDED00412E60 /* UserModel.h */,
				565218621BBBBDED00412E60 /* UserModel.m */,
			);
			path = Models;
			sourceTree = "<group>";
		};
		56D8F0491BAF9D7000242FA9 /* Resources */ = {
			isa = PBXGroup;
			children = (
				5618683A1BBE1A3800E9E111 /* Migrations.bundle */,
				56D8F0281BAF97C500242FA9 /* Images.xcassets */,
			);
			path = Resources;
			sourceTree = "<group>";
		};
		56D8F04A1BAF9D7600242FA9 /* ThirdParty */ = {
			isa = PBXGroup;
			children = (
				56D8F0B91BB1431200242FA9 /* TitlePagerView */,
				56D8F0B51BB138EE00242FA9 /* ViewPagerController */,
			);
			path = ThirdParty;
			sourceTree = "<group>";
		};
		56D8F04B1BAF9D7D00242FA9 /* Utils */ = {
			isa = PBXGroup;
			children = (
				56D8F09B1BB0ECE800242FA9 /* Entities */,
				56D8F0971BB0E69500242FA9 /* Helper */,
				56D8F0911BB0E3BE00242FA9 /* Categories */,
				56D8F0921BB0E3BE00242FA9 /* DBManager */,
			);
			path = Utils;
			sourceTree = "<group>";
		};
		56D8F04D1BAF9DF800242FA9 /* Constants */ = {
			isa = PBXGroup;
			children = (
				56D8F0601BAFA7E300242FA9 /* DebugConstant.h */,
				56D8F07A1BAFF9E900242FA9 /* UIConstant.h */,
				565218571BBB7BB000412E60 /* APIConstant.h */,
				565218581BBB7FDF00412E60 /* SecretConstant.h */,
				565218591BBB7FF100412E60 /* SecretConstant.example.h */,
			);
			path = Constants;
			sourceTree = "<group>";
		};
		56D8F04F1BAF9F3500242FA9 /* BaseClasses */ = {
			isa = PBXGroup;
			children = (
				56D8F0501BAF9F7200242FA9 /* BaseModel.h */,
				56D8F0511BAF9F7200242FA9 /* BaseModel.m */,
				56D8F0531BAF9FF200242FA9 /* BaseApi.h */,
				56D8F0541BAF9FF200242FA9 /* BaseApi.m */,
				56D8F0611BAFB0AE00242FA9 /* BaseEntity.h */,
				56D8F0621BAFB0AE00242FA9 /* BaseEntity.m */,
				56D8F0641BAFDA5400242FA9 /* BaseDBManager.h */,
				56D8F0651BAFDA5400242FA9 /* BaseDBManager.m */,
				565218691BBBCB4D00412E60 /* CurrentUser.h */,
				5652186A1BBBCB4D00412E60 /* CurrentUser.m */,
			);
			path = BaseClasses;
			sourceTree = "<group>";
		};
		56D8F0861BB0096800242FA9 /* Essential */ = {
			isa = PBXGroup;
			children = (
				56D8F0871BB0096800242FA9 /* EssentialListViewController.h */,
				56D8F0881BB0096800242FA9 /* EssentialListViewController.m */,
			);
			path = Essential;
			sourceTree = "<group>";
		};
		56D8F08D1BB009C500242FA9 /* TabBar */ = {
			isa = PBXGroup;
			children = (
				56D8F08E1BB009C500242FA9 /* BaseTabBarViewController.h */,
				56D8F08F1BB009C500242FA9 /* BaseTabBarViewController.m */,
			);
			path = TabBar;
			sourceTree = "<group>";
		};
		56D8F0911BB0E3BE00242FA9 /* Categories */ = {
			isa = PBXGroup;
			children = (
				561868361BBD345A00E9E111 /* NSString */,
				565218641BBBC3FF00412E60 /* GVUserDefaults */,
				5652185A1BBB8F3300412E60 /* AFOAuth2Manager */,
				C194333F1BB340A200D51917 /* UIResponder */,
				56D8F0931BB0E43400242FA9 /* UIView */,
			);
			path = Categories;
			sourceTree = "<group>";
		};
		56D8F0921BB0E3BE00242FA9 /* DBManager */ = {
			isa = PBXGroup;
			children = (
				5618683C1BBE1E0700E9E111 /* UserDBManager.h */,
				5618683D1BBE1E0700E9E111 /* UserDBManager.m */,
			);
			path = DBManager;
			sourceTree = "<group>";
		};
		56D8F0931BB0E43400242FA9 /* UIView */ = {
			isa = PBXGroup;
			children = (
				56D8F0941BB0E43400242FA9 /* UIView+Additions.h */,
				56D8F0951BB0E43400242FA9 /* UIView+Additions.m */,
			);
			path = UIView;
			sourceTree = "<group>";
		};
		56D8F0971BB0E69500242FA9 /* Helper */ = {
			isa = PBXGroup;
			children = (
				56D8F0981BB0E6F400242FA9 /* BaseHelper.h */,
				56D8F0991BB0E6F400242FA9 /* BaseHelper.m */,
			);
			path = Helper;
			sourceTree = "<group>";
		};
		56D8F09B1BB0ECE800242FA9 /* Entities */ = {
			isa = PBXGroup;
			children = (
				56D8F09C1BB0ED0800242FA9 /* TopicEntity.h */,
				56D8F09D1BB0ED0800242FA9 /* TopicEntity.m */,
				56D8F0A61BB0F54300242FA9 /* UserEntity.h */,
				56D8F0A71BB0F54300242FA9 /* UserEntity.m */,
				5644B4F41BB1692C008A96A8 /* PaginationEntity.h */,
				5644B4F51BB1692C008A96A8 /* PaginationEntity.m */,
				565CE81D1BB29ED0001680D2 /* NodeEntity.h */,
				565CE81E1BB29ED0001680D2 /* NodeEntity.m */,
				5652181C1BB6A9C200412E60 /* NotificationEntity.h */,
				5652181D1BB6A9C200412E60 /* NotificationEntity.m */,
			);
			path = Entities;
			sourceTree = "<group>";
		};
		56D8F09F1BB0ED4E00242FA9 /* Apis */ = {
			isa = PBXGroup;
			children = (
				56D8F0A01BB0ED5E00242FA9 /* TopicApi.h */,
				56D8F0A11BB0ED5E00242FA9 /* TopicApi.m */,
				5652185E1BBBBDDE00412E60 /* UserApi.h */,
				5652185F1BBBBDDE00412E60 /* UserApi.m */,
			);
			path = Apis;
			sourceTree = "<group>";
		};
		56D8F0A91BB1356800242FA9 /* WiKi */ = {
			isa = PBXGroup;
			children = (
				56D8F0AA1BB1359100242FA9 /* WiKiListViewController.h */,
				56D8F0AB1BB1359100242FA9 /* WiKiListViewController.m */,
			);
			path = WiKi;
			sourceTree = "<group>";
		};
		56D8F0AD1BB1377800242FA9 /* Forum */ = {
			isa = PBXGroup;
			children = (
				56D8F0AE1BB137FB00242FA9 /* TopicListContainerViewController.h */,
				56D8F0AF1BB137FB00242FA9 /* TopicListContainerViewController.m */,
				56D8F0B11BB1380F00242FA9 /* TopicListViewController.h */,
				56D8F0B21BB1380F00242FA9 /* TopicListViewController.m */,
			);
			path = Forum;
			sourceTree = "<group>";
		};
		56D8F0B51BB138EE00242FA9 /* ViewPagerController */ = {
			isa = PBXGroup;
			children = (
				56D8F0B61BB13A7200242FA9 /* ViewPagerController.h */,
				56D8F0B71BB13A7200242FA9 /* ViewPagerController.m */,
			);
			path = ViewPagerController;
			sourceTree = "<group>";
		};
		56D8F0B91BB1431200242FA9 /* TitlePagerView */ = {
			isa = PBXGroup;
			children = (
				56D8F0BA1BB1432F00242FA9 /* TitlePagerView.h */,
				56D8F0BB1BB1432F00242FA9 /* TitlePagerView.m */,
			);
			path = TitlePagerView;
			sourceTree = "<group>";
		};
		C194333F1BB340A200D51917 /* UIResponder */ = {
			isa = PBXGroup;
			children = (
				C19433401BB340A200D51917 /* UIResponder+Router.h */,
				C19433411BB340A200D51917 /* UIResponder+Router.m */,
			);
			path = UIResponder;
			sourceTree = "<group>";
		};
/* End PBXGroup section */

/* Begin PBXNativeTarget section */
		56D8F0171BAF97C500242FA9 /* PHPHub */ = {
			isa = PBXNativeTarget;
			buildConfigurationList = 56D8F03B1BAF97C500242FA9 /* Build configuration list for PBXNativeTarget "PHPHub" */;
			buildPhases = (
				5290A2E267E7BC8ACB24A108 /* Check Pods Manifest.lock */,
				56D8F0141BAF97C500242FA9 /* Sources */,
				56D8F0151BAF97C500242FA9 /* Frameworks */,
				56D8F0161BAF97C500242FA9 /* Resources */,
				A0B60134939C09094568F1F5 /* Copy Pods Resources */,
			);
			buildRules = (
			);
			dependencies = (
			);
			name = PHPHub;
			productName = PHPHub;
			productReference = 56D8F0181BAF97C500242FA9 /* PHPHub.app */;
			productType = "com.apple.product-type.application";
		};
		56D8F0301BAF97C500242FA9 /* PHPHubTests */ = {
			isa = PBXNativeTarget;
			buildConfigurationList = 56D8F03E1BAF97C500242FA9 /* Build configuration list for PBXNativeTarget "PHPHubTests" */;
			buildPhases = (
				56D8F02D1BAF97C500242FA9 /* Sources */,
				56D8F02E1BAF97C500242FA9 /* Frameworks */,
				56D8F02F1BAF97C500242FA9 /* Resources */,
			);
			buildRules = (
			);
			dependencies = (
				56D8F0331BAF97C500242FA9 /* PBXTargetDependency */,
			);
			name = PHPHubTests;
			productName = PHPHubTests;
			productReference = 56D8F0311BAF97C500242FA9 /* PHPHubTests.xctest */;
			productType = "com.apple.product-type.bundle.unit-test";
		};
/* End PBXNativeTarget section */

/* Begin PBXProject section */
		56D8F0101BAF97C500242FA9 /* Project object */ = {
			isa = PBXProject;
			attributes = {
				LastUpgradeCheck = 0700;
				ORGANIZATIONNAME = ESTGroup;
				TargetAttributes = {
					56D8F0171BAF97C500242FA9 = {
						CreatedOnToolsVersion = 6.4;
					};
					56D8F0301BAF97C500242FA9 = {
						CreatedOnToolsVersion = 6.4;
						TestTargetID = 56D8F0171BAF97C500242FA9;
					};
				};
			};
			buildConfigurationList = 56D8F0131BAF97C500242FA9 /* Build configuration list for PBXProject "PHPHub" */;
			compatibilityVersion = "Xcode 3.2";
			developmentRegion = English;
			hasScannedForEncodings = 0;
			knownRegions = (
				en,
				Base,
			);
			mainGroup = 56D8F00F1BAF97C500242FA9;
			productRefGroup = 56D8F0191BAF97C500242FA9 /* Products */;
			projectDirPath = "";
			projectRoot = "";
			targets = (
				56D8F0171BAF97C500242FA9 /* PHPHub */,
				56D8F0301BAF97C500242FA9 /* PHPHubTests */,
			);
		};
/* End PBXProject section */

/* Begin PBXResourcesBuildPhase section */
		56D8F0161BAF97C500242FA9 /* Resources */ = {
			isa = PBXResourcesBuildPhase;
			buildActionMask = 2147483647;
			files = (
				56D8F02C1BAF97C500242FA9 /* LaunchScreen.xib in Resources */,
				5652184B1BBA7D0500412E60 /* Me.storyboard in Resources */,
				5652184E1BBA7F0000412E60 /* Passport.storyboard in Resources */,
				5618683B1BBE1A3800E9E111 /* Migrations.bundle in Resources */,
				56D8F0291BAF97C500242FA9 /* Images.xcassets in Resources */,
			);
			runOnlyForDeploymentPostprocessing = 0;
		};
		56D8F02F1BAF97C500242FA9 /* Resources */ = {
			isa = PBXResourcesBuildPhase;
			buildActionMask = 2147483647;
			files = (
			);
			runOnlyForDeploymentPostprocessing = 0;
		};
/* End PBXResourcesBuildPhase section */

/* Begin PBXShellScriptBuildPhase section */
		5290A2E267E7BC8ACB24A108 /* Check Pods Manifest.lock */ = {
			isa = PBXShellScriptBuildPhase;
			buildActionMask = 2147483647;
			files = (
			);
			inputPaths = (
			);
			name = "Check Pods Manifest.lock";
			outputPaths = (
			);
			runOnlyForDeploymentPostprocessing = 0;
			shellPath = /bin/sh;
			shellScript = "diff \"${PODS_ROOT}/../Podfile.lock\" \"${PODS_ROOT}/Manifest.lock\" > /dev/null\nif [[ $? != 0 ]] ; then\n    cat << EOM\nerror: The sandbox is not in sync with the Podfile.lock. Run 'pod install' or update your CocoaPods installation.\nEOM\n    exit 1\nfi\n";
			showEnvVarsInLog = 0;
		};
		A0B60134939C09094568F1F5 /* Copy Pods Resources */ = {
			isa = PBXShellScriptBuildPhase;
			buildActionMask = 2147483647;
			files = (
			);
			inputPaths = (
			);
			name = "Copy Pods Resources";
			outputPaths = (
			);
			runOnlyForDeploymentPostprocessing = 0;
			shellPath = /bin/sh;
			shellScript = "\"${SRCROOT}/Pods/Target Support Files/Pods/Pods-resources.sh\"\n";
			showEnvVarsInLog = 0;
		};
/* End PBXShellScriptBuildPhase section */

/* Begin PBXSourcesBuildPhase section */
		56D8F0141BAF97C500242FA9 /* Sources */ = {
			isa = PBXSourcesBuildPhase;
			buildActionMask = 2147483647;
			files = (
				56737C351BB2A1FE008B3E60 /* MeViewController.m in Sources */,
				56D8F0551BAF9FF200242FA9 /* BaseApi.m in Sources */,
				56D8F0211BAF97C500242FA9 /* AppDelegate.m in Sources */,
				56D8F0BC1BB1432F00242FA9 /* TitlePagerView.m in Sources */,
				56D8F05C1BAFA5E100242FA9 /* APIRequestHandler.m in Sources */,
				56D8F0A51BB0EDAF00242FA9 /* TopicModel.m in Sources */,
				565218461BBA7CC500412E60 /* NotificationListTableView.m in Sources */,
				565218101BB69F8200412E60 /* NotificationListViewController.m in Sources */,
				565218671BBBC41400412E60 /* GVUserDefaults+Properties.m in Sources */,
				56D8F0AC1BB1359100242FA9 /* WiKiListViewController.m in Sources */,
				56D8F0901BB009C500242FA9 /* BaseTabBarViewController.m in Sources */,
				565218471BBA7CC500412E60 /* TopicListCell.m in Sources */,
				56D8F0B31BB1380F00242FA9 /* TopicListViewController.m in Sources */,
				56D8F0B01BB137FB00242FA9 /* TopicListContainerViewController.m in Sources */,
				565218481BBA7CC500412E60 /* TopicListTableView.m in Sources */,
				565218601BBBBDDE00412E60 /* UserApi.m in Sources */,
				56D8F0B81BB13A7200242FA9 /* ViewPagerController.m in Sources */,
				5652185D1BBBB4F000412E60 /* AFOAuth2Manager+Addtions.m in Sources */,
				56D8F0661BAFDA5400242FA9 /* BaseDBManager.m in Sources */,
				5644B4F61BB1692C008A96A8 /* PaginationEntity.m in Sources */,
				561868391BBD345A00E9E111 /* NSString+Additions.m in Sources */,
				C19433421BB340A200D51917 /* UIResponder+Router.m in Sources */,
				56D8F0891BB0096800242FA9 /* EssentialListViewController.m in Sources */,
				5652181E1BB6A9C200412E60 /* NotificationEntity.m in Sources */,
				56D8F09A1BB0E6F400242FA9 /* BaseHelper.m in Sources */,
				56D8F05F1BAFA66C00242FA9 /* AccessTokenHandler.m in Sources */,
				5618683E1BBE1E0700E9E111 /* UserDBManager.m in Sources */,
				56D8F0521BAF9F7200242FA9 /* BaseModel.m in Sources */,
				5652186B1BBBCB4D00412E60 /* CurrentUser.m in Sources */,
				565218551BBB6D9500412E60 /* LoginViewController.m in Sources */,
				565218631BBBBDED00412E60 /* UserModel.m in Sources */,
				56D8F01E1BAF97C500242FA9 /* main.m in Sources */,
				56D8F0631BAFB0AE00242FA9 /* BaseEntity.m in Sources */,
				56D8F09E1BB0ED0800242FA9 /* TopicEntity.m in Sources */,
				565218441BBA7CC500412E60 /* BaseView.m in Sources */,
				565218451BBA7CC500412E60 /* NotificationListCell.m in Sources */,
				56D8F0A81BB0F54300242FA9 /* UserEntity.m in Sources */,
				56D8F0A21BB0ED5E00242FA9 /* TopicApi.m in Sources */,
				565CE81F1BB29ED0001680D2 /* NodeEntity.m in Sources */,
				56D8F0961BB0E43400242FA9 /* UIView+Additions.m in Sources */,
			);
			runOnlyForDeploymentPostprocessing = 0;
		};
		56D8F02D1BAF97C500242FA9 /* Sources */ = {
			isa = PBXSourcesBuildPhase;
			buildActionMask = 2147483647;
			files = (
				56D8F0381BAF97C500242FA9 /* PHPHubTests.m in Sources */,
			);
			runOnlyForDeploymentPostprocessing = 0;
		};
/* End PBXSourcesBuildPhase section */

/* Begin PBXTargetDependency section */
		56D8F0331BAF97C500242FA9 /* PBXTargetDependency */ = {
			isa = PBXTargetDependency;
			target = 56D8F0171BAF97C500242FA9 /* PHPHub */;
			targetProxy = 56D8F0321BAF97C500242FA9 /* PBXContainerItemProxy */;
		};
/* End PBXTargetDependency section */

/* Begin PBXVariantGroup section */
		56D8F02A1BAF97C500242FA9 /* LaunchScreen.xib */ = {
			isa = PBXVariantGroup;
			children = (
				56D8F02B1BAF97C500242FA9 /* Base */,
			);
			name = LaunchScreen.xib;
			path = ../..;
			sourceTree = "<group>";
		};
/* End PBXVariantGroup section */

/* Begin XCBuildConfiguration section */
		56D8F0391BAF97C500242FA9 /* Debug */ = {
			isa = XCBuildConfiguration;
			buildSettings = {
				ALWAYS_SEARCH_USER_PATHS = NO;
				CLANG_CXX_LANGUAGE_STANDARD = "gnu++0x";
				CLANG_CXX_LIBRARY = "libc++";
				CLANG_ENABLE_MODULES = YES;
				CLANG_ENABLE_OBJC_ARC = YES;
				CLANG_WARN_BOOL_CONVERSION = YES;
				CLANG_WARN_CONSTANT_CONVERSION = YES;
				CLANG_WARN_DIRECT_OBJC_ISA_USAGE = YES_ERROR;
				CLANG_WARN_EMPTY_BODY = YES;
				CLANG_WARN_ENUM_CONVERSION = YES;
				CLANG_WARN_INT_CONVERSION = YES;
				CLANG_WARN_OBJC_ROOT_CLASS = YES_ERROR;
				CLANG_WARN_UNREACHABLE_CODE = YES;
				CLANG_WARN__DUPLICATE_METHOD_MATCH = YES;
				"CODE_SIGN_IDENTITY[sdk=iphoneos*]" = "iPhone Developer";
				COPY_PHASE_STRIP = NO;
				DEBUG_INFORMATION_FORMAT = "dwarf-with-dsym";
				ENABLE_STRICT_OBJC_MSGSEND = YES;
				ENABLE_TESTABILITY = YES;
				GCC_C_LANGUAGE_STANDARD = gnu99;
				GCC_DYNAMIC_NO_PIC = NO;
				GCC_NO_COMMON_BLOCKS = YES;
				GCC_OPTIMIZATION_LEVEL = 0;
				GCC_PREPROCESSOR_DEFINITIONS = (
					"DEBUG=1",
					"$(inherited)",
				);
				GCC_SYMBOLS_PRIVATE_EXTERN = NO;
				GCC_WARN_64_TO_32_BIT_CONVERSION = YES;
				GCC_WARN_ABOUT_RETURN_TYPE = YES_ERROR;
				GCC_WARN_UNDECLARED_SELECTOR = YES;
				GCC_WARN_UNINITIALIZED_AUTOS = YES_AGGRESSIVE;
				GCC_WARN_UNUSED_FUNCTION = YES;
				GCC_WARN_UNUSED_VARIABLE = YES;
				IPHONEOS_DEPLOYMENT_TARGET = 8.4;
				MTL_ENABLE_DEBUG_INFO = YES;
				ONLY_ACTIVE_ARCH = YES;
				SDKROOT = iphoneos;
			};
			name = Debug;
		};
		56D8F03A1BAF97C500242FA9 /* Release */ = {
			isa = XCBuildConfiguration;
			buildSettings = {
				ALWAYS_SEARCH_USER_PATHS = NO;
				CLANG_CXX_LANGUAGE_STANDARD = "gnu++0x";
				CLANG_CXX_LIBRARY = "libc++";
				CLANG_ENABLE_MODULES = YES;
				CLANG_ENABLE_OBJC_ARC = YES;
				CLANG_WARN_BOOL_CONVERSION = YES;
				CLANG_WARN_CONSTANT_CONVERSION = YES;
				CLANG_WARN_DIRECT_OBJC_ISA_USAGE = YES_ERROR;
				CLANG_WARN_EMPTY_BODY = YES;
				CLANG_WARN_ENUM_CONVERSION = YES;
				CLANG_WARN_INT_CONVERSION = YES;
				CLANG_WARN_OBJC_ROOT_CLASS = YES_ERROR;
				CLANG_WARN_UNREACHABLE_CODE = YES;
				CLANG_WARN__DUPLICATE_METHOD_MATCH = YES;
				"CODE_SIGN_IDENTITY[sdk=iphoneos*]" = "iPhone Developer";
				COPY_PHASE_STRIP = NO;
				DEBUG_INFORMATION_FORMAT = "dwarf-with-dsym";
				ENABLE_NS_ASSERTIONS = NO;
				ENABLE_STRICT_OBJC_MSGSEND = YES;
				GCC_C_LANGUAGE_STANDARD = gnu99;
				GCC_NO_COMMON_BLOCKS = YES;
				GCC_WARN_64_TO_32_BIT_CONVERSION = YES;
				GCC_WARN_ABOUT_RETURN_TYPE = YES_ERROR;
				GCC_WARN_UNDECLARED_SELECTOR = YES;
				GCC_WARN_UNINITIALIZED_AUTOS = YES_AGGRESSIVE;
				GCC_WARN_UNUSED_FUNCTION = YES;
				GCC_WARN_UNUSED_VARIABLE = YES;
				IPHONEOS_DEPLOYMENT_TARGET = 8.4;
				MTL_ENABLE_DEBUG_INFO = NO;
				SDKROOT = iphoneos;
				VALIDATE_PRODUCT = YES;
			};
			name = Release;
		};
		56D8F03C1BAF97C500242FA9 /* Debug */ = {
			isa = XCBuildConfiguration;
			baseConfigurationReference = 289757EEDBB7E93A1BC45C31 /* Pods.debug.xcconfig */;
			buildSettings = {
				ASSETCATALOG_COMPILER_APPICON_NAME = AppIcon;
				CODE_SIGN_IDENTITY = "iPhone Developer";
				ENABLE_BITCODE = NO;
				GCC_PREFIX_HEADER = "PHPHub/PHPHub-Prefix.pch";
				INFOPLIST_FILE = PHPHub/Info.plist;
				IPHONEOS_DEPLOYMENT_TARGET = 8.4;
				LD_RUNPATH_SEARCH_PATHS = "$(inherited) @executable_path/Frameworks";
				PRODUCT_BUNDLE_IDENTIFIER = "com.estgroup.$(PRODUCT_NAME:rfc1034identifier)";
				PRODUCT_NAME = "$(TARGET_NAME)";
			};
			name = Debug;
		};
		56D8F03D1BAF97C500242FA9 /* Release */ = {
			isa = XCBuildConfiguration;
			baseConfigurationReference = 379B16D3AE766B12953E1E13 /* Pods.release.xcconfig */;
			buildSettings = {
				ASSETCATALOG_COMPILER_APPICON_NAME = AppIcon;
				CODE_SIGN_IDENTITY = "iPhone Developer";
				ENABLE_BITCODE = NO;
				GCC_PREFIX_HEADER = "PHPHub/PHPHub-Prefix.pch";
				INFOPLIST_FILE = PHPHub/Info.plist;
				IPHONEOS_DEPLOYMENT_TARGET = 8.4;
				LD_RUNPATH_SEARCH_PATHS = "$(inherited) @executable_path/Frameworks";
				PRODUCT_BUNDLE_IDENTIFIER = "com.estgroup.$(PRODUCT_NAME:rfc1034identifier)";
				PRODUCT_NAME = "$(TARGET_NAME)";
			};
			name = Release;
		};
		56D8F03F1BAF97C500242FA9 /* Debug */ = {
			isa = XCBuildConfiguration;
			buildSettings = {
				BUNDLE_LOADER = "$(TEST_HOST)";
				FRAMEWORK_SEARCH_PATHS = (
					"$(SDKROOT)/Developer/Library/Frameworks",
					"$(inherited)",
				);
				GCC_PREPROCESSOR_DEFINITIONS = (
					"DEBUG=1",
					"$(inherited)",
				);
				INFOPLIST_FILE = PHPHubTests/Info.plist;
				LD_RUNPATH_SEARCH_PATHS = "$(inherited) @executable_path/Frameworks @loader_path/Frameworks";
				PRODUCT_BUNDLE_IDENTIFIER = "com.estgroup.$(PRODUCT_NAME:rfc1034identifier)";
				PRODUCT_NAME = "$(TARGET_NAME)";
				TEST_HOST = "$(BUILT_PRODUCTS_DIR)/PHPHub.app/PHPHub";
			};
			name = Debug;
		};
		56D8F0401BAF97C500242FA9 /* Release */ = {
			isa = XCBuildConfiguration;
			buildSettings = {
				BUNDLE_LOADER = "$(TEST_HOST)";
				FRAMEWORK_SEARCH_PATHS = (
					"$(SDKROOT)/Developer/Library/Frameworks",
					"$(inherited)",
				);
				INFOPLIST_FILE = PHPHubTests/Info.plist;
				LD_RUNPATH_SEARCH_PATHS = "$(inherited) @executable_path/Frameworks @loader_path/Frameworks";
				PRODUCT_BUNDLE_IDENTIFIER = "com.estgroup.$(PRODUCT_NAME:rfc1034identifier)";
				PRODUCT_NAME = "$(TARGET_NAME)";
				TEST_HOST = "$(BUILT_PRODUCTS_DIR)/PHPHub.app/PHPHub";
			};
			name = Release;
		};
/* End XCBuildConfiguration section */

/* Begin XCConfigurationList section */
		56D8F0131BAF97C500242FA9 /* Build configuration list for PBXProject "PHPHub" */ = {
			isa = XCConfigurationList;
			buildConfigurations = (
				56D8F0391BAF97C500242FA9 /* Debug */,
				56D8F03A1BAF97C500242FA9 /* Release */,
			);
			defaultConfigurationIsVisible = 0;
			defaultConfigurationName = Release;
		};
		56D8F03B1BAF97C500242FA9 /* Build configuration list for PBXNativeTarget "PHPHub" */ = {
			isa = XCConfigurationList;
			buildConfigurations = (
				56D8F03C1BAF97C500242FA9 /* Debug */,
				56D8F03D1BAF97C500242FA9 /* Release */,
			);
			defaultConfigurationIsVisible = 0;
			defaultConfigurationName = Release;
		};
		56D8F03E1BAF97C500242FA9 /* Build configuration list for PBXNativeTarget "PHPHubTests" */ = {
			isa = XCConfigurationList;
			buildConfigurations = (
				56D8F03F1BAF97C500242FA9 /* Debug */,
				56D8F0401BAF97C500242FA9 /* Release */,
			);
			defaultConfigurationIsVisible = 0;
			defaultConfigurationName = Release;
		};
/* End XCConfigurationList section */
	};
	rootObject = 56D8F0101BAF97C500242FA9 /* Project object */;
}
