PODS:
  - AFNetworking (2.6.2):
    - AFNetworking/NSURLConnection (= 2.6.2)
    - AFNetworking/NSURLSession (= 2.6.2)
    - AFNetworking/Reachability (= 2.6.2)
    - AFNetworking/Security (= 2.6.2)
    - AFNetworking/Serialization (= 2.6.2)
    - AFNetworking/UIKit (= 2.6.2)
  - AFNetworking/NSURLConnection (2.6.2):
    - AFNetworking/Reachability
    - AFNetworking/Security
    - AFNetworking/Serialization
  - AFNetworking/NSURLSession (2.6.2):
    - AFNetworking/Reachability
    - AFNetworking/Security
    - AFNetworking/Serialization
  - AFNetworking/Reachability (2.6.2)
  - AFNetworking/Security (2.6.2)
  - AFNetworking/Serialization (2.6.2)
  - AFNetworking/UIKit (2.6.2):
    - AFNetworking/NSURLConnection
    - AFNetworking/NSURLSession
  - AFOAuth2Manager (2.2.0):
    - AFNetworking/NSURLConnection (~> 2.2)
  - Crashlytics (3.4.0):
    - Fabric (~> 1.6.0)
  - CTAssetsPickerController (3.1.1):
    - PureLayout (~> 3.0.0)
  - DateTools (1.7.0)
  - DZNEmptyDataSet (1.7.2)
  - Fabric (1.6.0):
    - Fabric/Base (= 1.6.0)
  - Fabric/Base (1.6.0)
  - FDFullscreenPopGesture (1.1)
  - FMDB (2.5):
    - FMDB/standard (= 2.5)
  - FMDB/common (2.5)
  - FMDB/standard (2.5):
    - FMDB/common
  - FMDBMigrationManager (1.3.4):
    - FMDB/common (~> 2.3)
  - GVUserDefaults (1.0.1)
  - HappyDNS (0.2.3)
  - JTSImageViewController (1.5.1)
  - Mantle (1.5.5):
    - Mantle/extobjc (= 1.5.5)
  - Mantle/extobjc (1.5.5)
  - Masonry (0.6.3)
  - MBProgressHUD (0.9.1)
  - MJRefresh (3.0.1)
  - MTLFMDBAdapter (0.1.8):
    - FMDB (~> 2.3)
    - Mantle (~> 1.5)
  - pop (1.0.8)
  - PureLayout (3.0.1)
  - QBPopupMenu (2.0)
  - Qiniu (7.0.13):
    - AFNetworking (~> 2.0)
    - HappyDNS (~> 0.2)
  - QRCodeReaderViewController (3.5.2)
  - Reachability (3.2)
  - SDWebImage (3.7.3):
    - SDWebImage/Core (= 3.7.3)
  - SDWebImage/Core (3.7.3)
  - SSKeychain (1.2.3)
  - SVProgressHUD (HEAD based on 2.0.3)
  - UIActionSheet+Blocks (0.9)
  - UIActivityIndicator-for-SDWebImage (1.2):
    - SDWebImage (~> 3.7)
  - UITableView+FDTemplateLayoutCell (1.3)
  - UITextView+Placeholder (1.1.0)
  - UMengFeedback (2.3.4)
  - UMengSocial (4.2.3)
  - WebViewJavascriptBridge (4.1.4)

DEPENDENCIES:
  - AFNetworking (~> 2.0)
  - AFOAuth2Manager
  - Crashlytics
  - CTAssetsPickerController
  - DateTools
  - DZNEmptyDataSet
  - Fabric
  - FDFullscreenPopGesture (= 1.1)
  - FMDB (~> 2.3)
  - FMDBMigrationManager (~> 1.3)
  - GVUserDefaults
  - JTSImageViewController
  - Mantle (= 1.5.5)
  - Masonry
  - MBProgressHUD
  - MJRefresh
  - MTLFMDBAdapter (from `https://github.com/summerblue/MTLFMDBAdapter`)
  - pop (~> 1.0)
  - QBPopupMenu
  - Qiniu
  - QRCodeReaderViewController (from `https://github.com/zhengjinghua/MQRCodeReaderViewController.git`)
  - Reachability
  - SDWebImage
  - SSKeychain
  - SVProgressHUD (HEAD)
  - UIActionSheet+Blocks
  - UIActivityIndicator-for-SDWebImage
  - UITableView+FDTemplateLayoutCell
  - UITextView+Placeholder
  - UMengFeedback (~> 2.3.4)
  - UMengSocial (= 4.2.3)
  - WebViewJavascriptBridge

EXTERNAL SOURCES:
  MTLFMDBAdapter:
    :git: https://github.com/summerblue/MTLFMDBAdapter
  QRCodeReaderViewController:
    :git: https://github.com/zhengjinghua/MQRCodeReaderViewController.git

CHECKOUT OPTIONS:
  MTLFMDBAdapter:
    :commit: 8a567630ad9ef38388a48ac6600e7a7a35316cdb
    :git: https://github.com/summerblue/MTLFMDBAdapter
  QRCodeReaderViewController:
    :commit: 0b6af2738ea2cc393060704554b9ac2ec7f0bd53
    :git: https://github.com/zhengjinghua/MQRCodeReaderViewController.git

SPEC CHECKSUMS:
  AFNetworking: 7f317038a9710cabfa43ec56396b307b45df72ab
  AFOAuth2Manager: 952eb62e8fd8022971e64c6e8fe28b9e999224af
  Crashlytics: 1ee87895c37472eb3f01f409ea1654a464d2f8d4
  CTAssetsPickerController: 6fba9134a230656ffe34ac0effb0060a1ead65cb
  DateTools: 53288ee8b905fdc75897a1e6b5cc0144b14cba60
  DZNEmptyDataSet: 0ec00bfc230d7450997b60c127afdd0b9f24f3b6
  Fabric: d737eda3a26ac940a5430230eedb35f16b226131
  FDFullscreenPopGesture: a8a620179e3d9c40e8e00256dcee1c1a27c6d0f0
  FMDB: 96e8f1bcc1329e269330f99770ad4285d9003e52
  FMDBMigrationManager: aa46d473c863b6ade5676c49b73f56540b358ad7
  GVUserDefaults: acb40729f70984008d0650e49d7e422f1bbfa597
  HappyDNS: 6d85942e64c28b4fa61f8c76580398f52d6d1d11
  JTSImageViewController: 1f8ce1cc93dab0d0af8e53badeea7528560cfec9
  Mantle: 1b29072a707453975b200a173cf77ec1e2810b75
  Masonry: ff105a956abcd19a618b2028b121cb638d7a8e2f
  MBProgressHUD: c47f2c166c126cf2ce36498d80f33e754d4e93ad
  MJRefresh: ca22bb7197c4a17a0491763773cd5cb106b2a810
  MTLFMDBAdapter: f9849788d9e3a1c6662ef0ce600dd3e4a538a723
  pop: bb773ae2c791ca2629de13b347e7a8b450fa6a57
  PureLayout: f35f5384c9c4e4479df041dbe33ad7577b71ddfb
  QBPopupMenu: e370cbc7ad8a8d09afe1726117aa18f92696f66a
  Qiniu: d899770cc7b9a7abb3bff9fd993adc93c9475d45
  QRCodeReaderViewController: 557e3291d8fe8adf20d62b7f6bd79a3941f8ec31
  Reachability: 33e18b67625424e47b6cde6d202dce689ad7af96
  SDWebImage: 1d2b1a1efda1ade1b00b6f8498865f8ddedc8a84
  SSKeychain: 3f42991739c6c60a9cf1bbd4dff6c0d3694bcf3d
  SVProgressHUD: b0830714205bea1317ea1a2ebc71e5633af334d4
  UIActionSheet+Blocks: e180b7dad0a721ab7f212ac9742af799008bb358
  UIActivityIndicator-for-SDWebImage: 7bf7ebbf0ed1747dedc0d6e949c4603a6d0f9e0c
  UITableView+FDTemplateLayoutCell: d5be6056b5060313f5955a2590ecd33142ad713d
  UITextView+Placeholder: 672ce543356b5b5787f354415bc3b132d47f0362
  UMengFeedback: 5283cc0e324dffca4dd54c4abb3cbded56487817
  UMengSocial: 85882abe5b20aa38ad558ece71360e16b5d50909
  WebViewJavascriptBridge: f10ac16f2cd3adf2b941bd79477c55a8f6e01044

COCOAPODS: 0.39.0
